
Microsoft Visual Studio Solution File, Format Version 12.00
# Visual Studio Version 17
VisualStudioVersion = 17.5.33516.290
MinimumVisualStudioVersion = 10.0.40219.1
Project("{9A19103F-16F7-4668-BE54-9A1E7A4F7556}") = "LiquidMapper", "AzureIntegrationServicesWorkshop\LiquidMapper.csproj", "{0FB67CB5-0515-42C8-B388-03571DE2F0D1}"
EndProject
Project("{9A19103F-16F7-4668-BE54-9A1E7A4F7556}") = "DurableFunction", "DurableFunction\DurableFunction.csproj", "{645A02C7-4BA1-47CD-9258-BDA9DE424AB9}"
EndProject
Project("{2150E333-8FDC-42A3-9474-1A3956D46DE8}") = "Solution Items", "Solution Items", "{3B62A957-1AD7-493F-AE47-A57135625921}"
	ProjectSection(SolutionItems) = preProject
		AddUsers.ps1 = AddUsers.ps1
	EndProjectSection
EndProject
Global
	GlobalSection(SolutionConfigurationPlatforms) = preSolution
		Debug|Any CPU = Debug|Any CPU
		Release|Any CPU = Release|Any CPU
	EndGlobalSection
	GlobalSection(ProjectConfigurationPlatforms) = postSolution
		{0FB67CB5-0515-42C8-B388-03571DE2F0D1}.Debug|Any CPU.ActiveCfg = Debug|Any CPU
		{0FB67CB5-0515-42C8-B388-03571DE2F0D1}.Debug|Any CPU.Build.0 = Debug|Any CPU
		{0FB67CB5-0515-42C8-B388-03571DE2F0D1}.Release|Any CPU.ActiveCfg = Release|Any CPU
		{0FB67CB5-0515-42C8-B388-03571DE2F0D1}.Release|Any CPU.Build.0 = Release|Any CPU
		{645A02C7-4BA1-47CD-9258-BDA9DE424AB9}.Debug|Any CPU.ActiveCfg = Debug|Any CPU
		{645A02C7-4BA1-47CD-9258-BDA9DE424AB9}.Debug|Any CPU.Build.0 = Debug|Any CPU
		{645A02C7-4BA1-47CD-9258-BDA9DE424AB9}.Release|Any CPU.ActiveCfg = Release|Any CPU
		{645A02C7-4BA1-47CD-9258-BDA9DE424AB9}.Release|Any CPU.Build.0 = Release|Any CPU
	EndGlobalSection
	GlobalSection(SolutionProperties) = preSolution
		HideSolutionNode = FALSE
	EndGlobalSection
	GlobalSection(ExtensibilityGlobals) = postSolution
		SolutionGuid = {A97F4318-1E94-42FB-B901-9FB23923E0C2}
	EndGlobalSection
EndGlobal
