
Microsoft Visual Studio Solution File, Format Version 12.00
# Visual Studio Version 16
VisualStudioVersion = 16.0.29728.190
MinimumVisualStudioVersion = 10.0.40219.1
Project("{FAE04EC0-301F-11D3-BF4B-00C04F79EFBC}") = "LiquidMapper", "LiquidMapper\LiquidMapper.csproj", "{68373DDC-9AD7-4835-895B-E0F62DC1F32F}"
EndProject
Global
	GlobalSection(SolutionConfigurationPlatforms) = preSolution
		Debug|Any CPU = Debug|Any CPU
		Release|Any CPU = Release|Any CPU
	EndGlobalSection
	GlobalSection(ProjectConfigurationPlatforms) = postSolution
		{68373DDC-9AD7-4835-895B-E0F62DC1F32F}.Debug|Any CPU.ActiveCfg = Debug|Any CPU
		{68373DDC-9AD7-4835-895B-E0F62DC1F32F}.Debug|Any CPU.Build.0 = Debug|Any CPU
		{68373DDC-9AD7-4835-895B-E0F62DC1F32F}.Release|Any CPU.ActiveCfg = Release|Any CPU
		{68373DDC-9AD7-4835-895B-E0F62DC1F32F}.Release|Any CPU.Build.0 = Release|Any CPU
	EndGlobalSection
	GlobalSection(SolutionProperties) = preSolution
		HideSolutionNode = FALSE
	EndGlobalSection
	GlobalSection(ExtensibilityGlobals) = postSolution
		SolutionGuid = {361D73DD-E716-47CD-9C4E-48E651D0B7AB}
	EndGlobalSection
EndGlobal
